
Microsoft Visual Studio Solution File, Format Version 12.00
# Visual Studio Version 16
VisualStudioVersion = 16.0.31410.357
MinimumVisualStudioVersion = 10.0.40219.1
Project("{FAE04EC0-301F-11D3-BF4B-00C04F79EFBC}") = "Exam", "Exam\Exam.csproj", "{D5AF14E1-6FBB-4BEA-9F82-8C23A5D933BF}"
EndProject
Global
	GlobalSection(SolutionConfigurationPlatforms) = preSolution
		Debug|Any CPU = Debug|Any CPU
		Release|Any CPU = Release|Any CPU
	EndGlobalSection
	GlobalSection(ProjectConfigurationPlatforms) = postSolution
		{D5AF14E1-6FBB-4BEA-9F82-8C23A5D933BF}.Debug|Any CPU.ActiveCfg = Debug|Any CPU
		{D5AF14E1-6FBB-4BEA-9F82-8C23A5D933BF}.Debug|Any CPU.Build.0 = Debug|Any CPU
		{D5AF14E1-6FBB-4BEA-9F82-8C23A5D933BF}.Release|Any CPU.ActiveCfg = Release|Any CPU
		{D5AF14E1-6FBB-4BEA-9F82-8C23A5D933BF}.Release|Any CPU.Build.0 = Release|Any CPU
	EndGlobalSection
	GlobalSection(SolutionProperties) = preSolution
		HideSolutionNode = FALSE
	EndGlobalSection
	GlobalSection(ExtensibilityGlobals) = postSolution
		SolutionGuid = {92ECAEB3-BEE8-4423-B028-CD98995FCE5D}
	EndGlobalSection
EndGlobal
